
Microsoft Visual Studio Solution File, Format Version 12.00
# Visual Studio Version 16
VisualStudioVersion = 16.0.29519.87
MinimumVisualStudioVersion = 10.0.40219.1
Project("{FAE04EC0-301F-11D3-BF4B-00C04F79EFBC}") = "Reader Agrident", "Reader Agrident\Reader Agrident.csproj", "{59D679BA-41BD-466F-8F91-E5BB9D916672}"
EndProject
Project("{FAE04EC0-301F-11D3-BF4B-00C04F79EFBC}") = "TestReaderApp", "TestReaderApp\TestReaderApp.csproj", "{3435FF17-D18F-428E-A3D2-57F33D003607}"
EndProject
Global
	GlobalSection(SolutionConfigurationPlatforms) = preSolution
		Debug|Any CPU = Debug|Any CPU
		Release|Any CPU = Release|Any CPU
	EndGlobalSection
	GlobalSection(ProjectConfigurationPlatforms) = postSolution
		{59D679BA-41BD-466F-8F91-E5BB9D916672}.Debug|Any CPU.ActiveCfg = Debug|Any CPU
		{59D679BA-41BD-466F-8F91-E5BB9D916672}.Debug|Any CPU.Build.0 = Debug|Any CPU
		{59D679BA-41BD-466F-8F91-E5BB9D916672}.Release|Any CPU.ActiveCfg = Release|Any CPU
		{59D679BA-41BD-466F-8F91-E5BB9D916672}.Release|Any CPU.Build.0 = Release|Any CPU
		{3435FF17-D18F-428E-A3D2-57F33D003607}.Debug|Any CPU.ActiveCfg = Debug|Any CPU
		{3435FF17-D18F-428E-A3D2-57F33D003607}.Debug|Any CPU.Build.0 = Debug|Any CPU
		{3435FF17-D18F-428E-A3D2-57F33D003607}.Release|Any CPU.ActiveCfg = Release|Any CPU
		{3435FF17-D18F-428E-A3D2-57F33D003607}.Release|Any CPU.Build.0 = Release|Any CPU
	EndGlobalSection
	GlobalSection(SolutionProperties) = preSolution
		HideSolutionNode = FALSE
	EndGlobalSection
	GlobalSection(ExtensibilityGlobals) = postSolution
		SolutionGuid = {67D5F613-378C-4ABD-929B-72126875DD0F}
	EndGlobalSection
EndGlobal
